// !$*UTF8*$!
{
	archiveVersion = 1;
	classes = {
	};
	objectVersion = 46;
	objects = {

/* Begin PBXBuildFile section */
		7184EAE41E935F38008C9471 /* main.c in Sources */ = {isa = PBXBuildFile; fileRef = 7184EAE31E935F38008C9471 /* main.c */; };
		7184EAED1E93623A008C9471 /* AppIO.c in Sources */ = {isa = PBXBuildFile; fileRef = 7184EAEB1E93623A008C9471 /* AppIO.c */; };
		7184EAF01E936248008C9471 /* MagicSquare.c in Sources */ = {isa = PBXBuildFile; fileRef = 7184EAEE1E936248008C9471 /* MagicSquare.c */; };
		7184EAF31E936259008C9471 /* AppController.c in Sources */ = {isa = PBXBuildFile; fileRef = 7184EAF11E936259008C9471 /* AppController.c */; };
/* End PBXBuildFile section */

/* Begin PBXCopyFilesBuildPhase section */
		7184EADE1E935F38008C9471 /* CopyFiles */ = {
			isa = PBXCopyFilesBuildPhase;
			buildActionMask = 2147483647;
			dstPath = /usr/share/man/man1/;
			dstSubfolderSpec = 0;
			files = (
			);
			runOnlyForDeploymentPostprocessing = 1;
		};
/* End PBXCopyFilesBuildPhase section */

/* Begin PBXFileReference section */
		7184EAE01E935F38008C9471 /* 5-3 */ = {isa = PBXFileReference; explicitFileType = "compiled.mach-o.executable"; includeInIndex = 0; path = "5-3"; sourceTree = BUILT_PRODUCTS_DIR; };
		7184EAE31E935F38008C9471 /* main.c */ = {isa = PBXFileReference; lastKnownFileType = sourcecode.c.c; path = main.c; sourceTree = "<group>"; };
		7184EAEA1E93622E008C9471 /* Common.h */ = {isa = PBXFileReference; lastKnownFileType = sourcecode.c.h; path = Common.h; sourceTree = "<group>"; };
		7184EAEB1E93623A008C9471 /* AppIO.c */ = {isa = PBXFileReference; fileEncoding = 4; lastKnownFileType = sourcecode.c.c; path = AppIO.c; sourceTree = "<group>"; };
		7184EAEC1E93623A008C9471 /* AppIO.h */ = {isa = PBXFileReference; fileEncoding = 4; lastKnownFileType = sourcecode.c.h; path = AppIO.h; sourceTree = "<group>"; };
		7184EAEE1E936248008C9471 /* MagicSquare.c */ = {isa = PBXFileReference; fileEncoding = 4; lastKnownFileType = sourcecode.c.c; path = MagicSquare.c; sourceTree = "<group>"; };
		7184EAEF1E936248008C9471 /* MagicSquare.h */ = {isa = PBXFileReference; fileEncoding = 4; lastKnownFileType = sourcecode.c.h; path = MagicSquare.h; sourceTree = "<group>"; };
		7184EAF11E936259008C9471 /* AppController.c */ = {isa = PBXFileReference; fileEncoding = 4; lastKnownFileType = sourcecode.c.c; path = AppController.c; sourceTree = "<group>"; };
		7184EAF21E936259008C9471 /* AppController.h */ = {isa = PBXFileReference; fileEncoding = 4; lastKnownFileType = sourcecode.c.h; path = AppController.h; sourceTree = "<group>"; };
/* End PBXFileReference section */

/* Begin PBXFrameworksBuildPhase section */
		7184EADD1E935F38008C9471 /* Frameworks */ = {
			isa = PBXFrameworksBuildPhase;
			buildActionMask = 2147483647;
			files = (
			);
			runOnlyForDeploymentPostprocessing = 0;
		};
/* End PBXFrameworksBuildPhase section */

/* Begin PBXGroup section */
		7184EAD71E935F38008C9471 = {
			isa = PBXGroup;
			children = (
				7184EAE21E935F38008C9471 /* 5-3 */,
				7184EAE11E935F38008C9471 /* Products */,
			);
			sourceTree = "<group>";
		};
		7184EAE11E935F38008C9471 /* Products */ = {
			isa = PBXGroup;
			children = (
				7184EAE01E935F38008C9471 /* 5-3 */,
			);
			name = Products;
			sourceTree = "<group>";
		};
		7184EAE21E935F38008C9471 /* 5-3 */ = {
			isa = PBXGroup;
			children = (
				7184EAE31E935F38008C9471 /* main.c */,
				7184EAEA1E93622E008C9471 /* Common.h */,
				7184EAEB1E93623A008C9471 /* AppIO.c */,
				7184EAEC1E93623A008C9471 /* AppIO.h */,
				7184EAEE1E936248008C9471 /* MagicSquare.c */,
				7184EAEF1E936248008C9471 /* MagicSquare.h */,
				7184EAF11E936259008C9471 /* AppController.c */,
				7184EAF21E936259008C9471 /* AppController.h */,
			);
			path = "5-3";
			sourceTree = "<group>";
		};
/* End PBXGroup section */

/* Begin PBXNativeTarget section */
		7184EADF1E935F38008C9471 /* 5-3 */ = {
			isa = PBXNativeTarget;
			buildConfigurationList = 7184EAE71E935F38008C9471 /* Build configuration list for PBXNativeTarget "5-3" */;
			buildPhases = (
				7184EADC1E935F38008C9471 /* Sources */,
				7184EADD1E935F38008C9471 /* Frameworks */,
				7184EADE1E935F38008C9471 /* CopyFiles */,
			);
			buildRules = (
			);
			dependencies = (
			);
			name = "5-3";
			productName = "5-3";
			productReference = 7184EAE01E935F38008C9471 /* 5-3 */;
			productType = "com.apple.product-type.tool";
		};
/* End PBXNativeTarget section */

/* Begin PBXProject section */
		7184EAD81E935F38008C9471 /* Project object */ = {
			isa = PBXProject;
			attributes = {
				LastUpgradeCheck = 0800;
				ORGANIZATIONNAME = stu2017s20;
				TargetAttributes = {
					7184EADF1E935F38008C9471 = {
						CreatedOnToolsVersion = 8.0;
						DevelopmentTeam = VXPS5GJXNU;
						ProvisioningStyle = Automatic;
					};
				};
			};
			buildConfigurationList = 7184EADB1E935F38008C9471 /* Build configuration list for PBXProject "5-3" */;
			compatibilityVersion = "Xcode 3.2";
			developmentRegion = English;
			hasScannedForEncodings = 0;
			knownRegions = (
				en,
			);
			mainGroup = 7184EAD71E935F38008C9471;
			productRefGroup = 7184EAE11E935F38008C9471 /* Products */;
			projectDirPath = "";
			projectRoot = "";
			targets = (
				7184EADF1E935F38008C9471 /* 5-3 */,
			);
		};
/* End PBXProject section */

/* Begin PBXSourcesBuildPhase section */
		7184EADC1E935F38008C9471 /* Sources */ = {
			isa = PBXSourcesBuildPhase;
			buildActionMask = 2147483647;
			files = (
				7184EAE41E935F38008C9471 /* main.c in Sources */,
				7184EAF31E936259008C9471 /* AppController.c in Sources */,
				7184EAED1E93623A008C9471 /* AppIO.c in Sources */,
				7184EAF01E936248008C9471 /* MagicSquare.c in Sources */,
			);
			runOnlyForDeploymentPostprocessing = 0;
		};
/* End PBXSourcesBuildPhase section */

/* Begin XCBuildConfiguration section */
		7184EAE51E935F38008C9471 /* Debug */ = {
			isa = XCBuildConfiguration;
			buildSettings = {
				ALWAYS_SEARCH_USER_PATHS = NO;
				CLANG_ANALYZER_NONNULL = YES;
				CLANG_CXX_LANGUAGE_STANDARD = "gnu++0x";
				CLANG_CXX_LIBRARY = "libc++";
				CLANG_ENABLE_MODULES = YES;
				CLANG_ENABLE_OBJC_ARC = YES;
				CLANG_WARN_BOOL_CONVERSION = YES;
				CLANG_WARN_CONSTANT_CONVERSION = YES;
				CLANG_WARN_DIRECT_OBJC_ISA_USAGE = YES_ERROR;
				CLANG_WARN_DOCUMENTATION_COMMENTS = YES;
				CLANG_WARN_EMPTY_BODY = YES;
				CLANG_WARN_ENUM_CONVERSION = YES;
				CLANG_WARN_INFINITE_RECURSION = YES;
				CLANG_WARN_INT_CONVERSION = YES;
				CLANG_WARN_OBJC_ROOT_CLASS = YES_ERROR;
				CLANG_WARN_SUSPICIOUS_MOVES = YES;
				CLANG_WARN_UNREACHABLE_CODE = YES;
				CLANG_WARN__DUPLICATE_METHOD_MATCH = YES;
				CODE_SIGN_IDENTITY = "-";
				COPY_PHASE_STRIP = NO;
				DEBUG_INFORMATION_FORMAT = dwarf;
				ENABLE_STRICT_OBJC_MSGSEND = YES;
				ENABLE_TESTABILITY = YES;
				GCC_C_LANGUAGE_STANDARD = gnu99;
				GCC_DYNAMIC_NO_PIC = NO;
				GCC_NO_COMMON_BLOCKS = YES;
				GCC_OPTIMIZATION_LEVEL = 0;
				GCC_PREPROCESSOR_DEFINITIONS = (
					"DEBUG=1",
					"$(inherited)",
				);
				GCC_WARN_64_TO_32_BIT_CONVERSION = YES;
				GCC_WARN_ABOUT_RETURN_TYPE = YES_ERROR;
				GCC_WARN_UNDECLARED_SELECTOR = YES;
				GCC_WARN_UNINITIALIZED_AUTOS = YES_AGGRESSIVE;
				GCC_WARN_UNUSED_FUNCTION = YES;
				GCC_WARN_UNUSED_VARIABLE = YES;
				MACOSX_DEPLOYMENT_TARGET = 10.11;
				MTL_ENABLE_DEBUG_INFO = YES;
				ONLY_ACTIVE_ARCH = YES;
				SDKROOT = macosx;
			};
			name = Debug;
		};
		7184EAE61E935F38008C9471 /* Release */ = {
			isa = XCBuildConfiguration;
			buildSettings = {
				ALWAYS_SEARCH_USER_PATHS = NO;
				CLANG_ANALYZER_NONNULL = YES;
				CLANG_CXX_LANGUAGE_STANDARD = "gnu++0x";
				CLANG_CXX_LIBRARY = "libc++";
				CLANG_ENABLE_MODULES = YES;
				CLANG_ENABLE_OBJC_ARC = YES;
				CLANG_WARN_BOOL_CONVERSION = YES;
				CLANG_WARN_CONSTANT_CONVERSION = YES;
				CLANG_WARN_DIRECT_OBJC_ISA_USAGE = YES_ERROR;
				CLANG_WARN_DOCUMENTATION_COMMENTS = YES;
				CLANG_WARN_EMPTY_BODY = YES;
				CLANG_WARN_ENUM_CONVERSION = YES;
				CLANG_WARN_INFINITE_RECURSION = YES;
				CLANG_WARN_INT_CONVERSION = YES;
				CLANG_WARN_OBJC_ROOT_CLASS = YES_ERROR;
				CLANG_WARN_SUSPICIOUS_MOVES = YES;
				CLANG_WARN_UNREACHABLE_CODE = YES;
				CLANG_WARN__DUPLICATE_METHOD_MATCH = YES;
				CODE_SIGN_IDENTITY = "-";
				COPY_PHASE_STRIP = NO;
				DEBUG_INFORMATION_FORMAT = "dwarf-with-dsym";
				ENABLE_NS_ASSERTIONS = NO;
				ENABLE_STRICT_OBJC_MSGSEND = YES;
				GCC_C_LANGUAGE_STANDARD = gnu99;
				GCC_NO_COMMON_BLOCKS = YES;
				GCC_WARN_64_TO_32_BIT_CONVERSION = YES;
				GCC_WARN_ABOUT_RETURN_TYPE = YES_ERROR;
				GCC_WARN_UNDECLARED_SELECTOR = YES;
				GCC_WARN_UNINITIALIZED_AUTOS = YES_AGGRESSIVE;
				GCC_WARN_UNUSED_FUNCTION = YES;
				GCC_WARN_UNUSED_VARIABLE = YES;
				MACOSX_DEPLOYMENT_TARGET = 10.11;
				MTL_ENABLE_DEBUG_INFO = NO;
				SDKROOT = macosx;
			};
			name = Release;
		};
		7184EAE81E935F38008C9471 /* Debug */ = {
			isa = XCBuildConfiguration;
			buildSettings = {
				DEVELOPMENT_TEAM = VXPS5GJXNU;
				PRODUCT_NAME = "$(TARGET_NAME)";
			};
			name = Debug;
		};
		7184EAE91E935F38008C9471 /* Release */ = {
			isa = XCBuildConfiguration;
			buildSettings = {
				DEVELOPMENT_TEAM = VXPS5GJXNU;
				PRODUCT_NAME = "$(TARGET_NAME)";
			};
			name = Release;
		};
/* End XCBuildConfiguration section */

/* Begin XCConfigurationList section */
		7184EADB1E935F38008C9471 /* Build configuration list for PBXProject "5-3" */ = {
			isa = XCConfigurationList;
			buildConfigurations = (
				7184EAE51E935F38008C9471 /* Debug */,
				7184EAE61E935F38008C9471 /* Release */,
			);
			defaultConfigurationIsVisible = 0;
			defaultConfigurationName = Release;
		};
		7184EAE71E935F38008C9471 /* Build configuration list for PBXNativeTarget "5-3" */ = {
			isa = XCConfigurationList;
			buildConfigurations = (
				7184EAE81E935F38008C9471 /* Debug */,
				7184EAE91E935F38008C9471 /* Release */,
			);
			defaultConfigurationIsVisible = 0;
		};
/* End XCConfigurationList section */
	};
	rootObject = 7184EAD81E935F38008C9471 /* Project object */;
}
